
Microsoft Visual Studio Solution File, Format Version 12.00
# Visual Studio Version 17
VisualStudioVersion = 17.10.35013.160
MinimumVisualStudioVersion = 10.0.40219.1
Project("{FAE04EC0-301F-11D3-BF4B-00C04F79EFBC}") = "ConsoleApp1", "ConsoleApp1\ConsoleApp1.csproj", "{1EA7F6A4-7AEC-410F-859E-8E2E777DFF73}"
EndProject
Global
	GlobalSection(SolutionConfigurationPlatforms) = preSolution
		Debug|Any CPU = Debug|Any CPU
		Release|Any CPU = Release|Any CPU
	EndGlobalSection
	GlobalSection(ProjectConfigurationPlatforms) = postSolution
		{1EA7F6A4-7AEC-410F-859E-8E2E777DFF73}.Debug|Any CPU.ActiveCfg = Debug|Any CPU
		{1EA7F6A4-7AEC-410F-859E-8E2E777DFF73}.Debug|Any CPU.Build.0 = Debug|Any CPU
		{1EA7F6A4-7AEC-410F-859E-8E2E777DFF73}.Release|Any CPU.ActiveCfg = Release|Any CPU
		{1EA7F6A4-7AEC-410F-859E-8E2E777DFF73}.Release|Any CPU.Build.0 = Release|Any CPU
	EndGlobalSection
	GlobalSection(SolutionProperties) = preSolution
		HideSolutionNode = FALSE
	EndGlobalSection
	GlobalSection(ExtensibilityGlobals) = postSolution
		SolutionGuid = {82CA5982-62B5-484B-94FF-D7E7140755BA}
	EndGlobalSection
EndGlobal
